Microsoft Visual Studio Solution File, Format Version 12.00
# Visual Studio 2012
Project("{FAE04EC0-301F-11D3-BF4B-00C04F79EFBC}") = "CompoCoder", "CompoCoder.csproj", "{EFCB4C64-7767-49C5-8672-C96D0297F294}"
EndProject
Global
	GlobalSection(SolutionConfigurationPlatforms) = preSolution
	Debug|Any CPU = Debug|Any CPU
	ExportDebug|Any CPU = ExportDebug|Any CPU
	ExportRelease|Any CPU = ExportRelease|Any CPU
	EndGlobalSection
	GlobalSection(ProjectConfigurationPlatforms) = postSolution
		{EFCB4C64-7767-49C5-8672-C96D0297F294}.Debug|Any CPU.ActiveCfg = Debug|Any CPU
		{EFCB4C64-7767-49C5-8672-C96D0297F294}.Debug|Any CPU.Build.0 = Debug|Any CPU
		{EFCB4C64-7767-49C5-8672-C96D0297F294}.ExportDebug|Any CPU.ActiveCfg = ExportDebug|Any CPU
		{EFCB4C64-7767-49C5-8672-C96D0297F294}.ExportDebug|Any CPU.Build.0 = ExportDebug|Any CPU
		{EFCB4C64-7767-49C5-8672-C96D0297F294}.ExportRelease|Any CPU.ActiveCfg = ExportRelease|Any CPU
		{EFCB4C64-7767-49C5-8672-C96D0297F294}.ExportRelease|Any CPU.Build.0 = ExportRelease|Any CPU
	EndGlobalSection
EndGlobal
